// !$*UTF8*$!
{
	archiveVersion = 1;
	classes = {
	};
	objectVersion = 50;
	objects = {

/* Begin PBXBuildFile section */
		286BA6A6228EBA1D00C80564 /* OpenMRSAPI.swift in Sources */ = {isa = PBXBuildFile; fileRef = 286BA6A5228EBA1D00C80564 /* OpenMRSAPI.swift */; };
		286BA6A8228EBC7500C80564 /* ApiEnviroment.swift in Sources */ = {isa = PBXBuildFile; fileRef = 286BA6A7228EBC7500C80564 /* ApiEnviroment.swift */; };
		286BA6AA228EBCAB00C80564 /* Networkable.swift in Sources */ = {isa = PBXBuildFile; fileRef = 286BA6A9228EBCAB00C80564 /* Networkable.swift */; };
		286BA6AC228EBCD600C80564 /* NetworkWrapper.swift in Sources */ = {isa = PBXBuildFile; fileRef = 286BA6AB228EBCD600C80564 /* NetworkWrapper.swift */; };
		286BA6AE228EBD4800C80564 /* SharedInstances.swift in Sources */ = {isa = PBXBuildFile; fileRef = 286BA6AD228EBD4800C80564 /* SharedInstances.swift */; };
		286BA6B0228EBE1800C80564 /* AuthServiceProtocol.swift in Sources */ = {isa = PBXBuildFile; fileRef = 286BA6AF228EBE1800C80564 /* AuthServiceProtocol.swift */; };
		286BA6B3228EBE2800C80564 /* AuthServiceImpl.swift in Sources */ = {isa = PBXBuildFile; fileRef = 286BA6B2228EBE2800C80564 /* AuthServiceImpl.swift */; };
		289F2015228E7DFE00F9E95C /* KeychainStorageWrapperProtocol.swift in Sources */ = {isa = PBXBuildFile; fileRef = 289F2014228E7DFE00F9E95C /* KeychainStorageWrapperProtocol.swift */; };
		289F2017228E7E0B00F9E95C /* KeychainStorageWrapper.swift in Sources */ = {isa = PBXBuildFile; fileRef = 289F2016228E7E0B00F9E95C /* KeychainStorageWrapper.swift */; };
		289F2019228E7E3100F9E95C /* KeyChainErrors.swift in Sources */ = {isa = PBXBuildFile; fileRef = 289F2018228E7E3100F9E95C /* KeyChainErrors.swift */; };
		289F201C228E7E8D00F9E95C /* AppConfig.swift in Sources */ = {isa = PBXBuildFile; fileRef = 289F201B228E7E8D00F9E95C /* AppConfig.swift */; };
		28C0D2FD228E7B5D0086ACF1 /* AppDelegate.swift in Sources */ = {isa = PBXBuildFile; fileRef = 28C0D2FC228E7B5D0086ACF1 /* AppDelegate.swift */; };
		28C0D2FF228E7B5D0086ACF1 /* ViewController.swift in Sources */ = {isa = PBXBuildFile; fileRef = 28C0D2FE228E7B5D0086ACF1 /* ViewController.swift */; };
		28C0D302228E7B5D0086ACF1 /* Main.storyboard in Resources */ = {isa = PBXBuildFile; fileRef = 28C0D300228E7B5D0086ACF1 /* Main.storyboard */; };
		28C0D304228E7B5D0086ACF1 /* Assets.xcassets in Resources */ = {isa = PBXBuildFile; fileRef = 28C0D303228E7B5D0086ACF1 /* Assets.xcassets */; };
		28C0D307228E7B5D0086ACF1 /* LaunchScreen.storyboard in Resources */ = {isa = PBXBuildFile; fileRef = 28C0D305228E7B5D0086ACF1 /* LaunchScreen.storyboard */; };
		28C0D312228E7B5E0086ACF1 /* OpenMRS_iOS_ClientTests.swift in Sources */ = {isa = PBXBuildFile; fileRef = 28C0D311228E7B5E0086ACF1 /* OpenMRS_iOS_ClientTests.swift */; };
		28C0D31D228E7B5E0086ACF1 /* OpenMRS_iOS_ClientUITests.swift in Sources */ = {isa = PBXBuildFile; fileRef = 28C0D31C228E7B5E0086ACF1 /* OpenMRS_iOS_ClientUITests.swift */; };
		A2E712B902E836F693580E0A /* Pods_OpenMRS_iOS_ClientTests.framework in Frameworks */ = {isa = PBXBuildFile; fileRef = 017F98DA12BBCDDA40E9CCB0 /* Pods_OpenMRS_iOS_ClientTests.framework */; };
		D1C0F8B26D1841C0627EC9D8 /* Pods_OpenMRS_iOS_ClientUITests.framework in Frameworks */ = {isa = PBXBuildFile; fileRef = 1972CE45D51DA2EDAD7CB464 /* Pods_OpenMRS_iOS_ClientUITests.framework */; };
		FC37B2A44E9CDB48FC07684D /* Pods_OpenMRS_iOS_Client.framework in Frameworks */ = {isa = PBXBuildFile; fileRef = 5D89C0AA5D159FED88075B70 /* Pods_OpenMRS_iOS_Client.framework */; };
/* End PBXBuildFile section */

/* Begin PBXContainerItemProxy section */
		28C0D30E228E7B5E0086ACF1 /* PBXContainerItemProxy */ = {
			isa = PBXContainerItemProxy;
			containerPortal = 28C0D2F1228E7B5D0086ACF1 /* Project object */;
			proxyType = 1;
			remoteGlobalIDString = 28C0D2F8228E7B5D0086ACF1;
			remoteInfo = "OpenMRS-iOS-Client";
		};
		28C0D319228E7B5E0086ACF1 /* PBXContainerItemProxy */ = {
			isa = PBXContainerItemProxy;
			containerPortal = 28C0D2F1228E7B5D0086ACF1 /* Project object */;
			proxyType = 1;
			remoteGlobalIDString = 28C0D2F8228E7B5D0086ACF1;
			remoteInfo = "OpenMRS-iOS-Client";
		};
/* End PBXContainerItemProxy section */

/* Begin PBXFileReference section */
		017F98DA12BBCDDA40E9CCB0 /* Pods_OpenMRS_iOS_ClientTests.framework */ = {isa = PBXFileReference; explicitFileType = wrapper.framework; includeInIndex = 0; path = Pods_OpenMRS_iOS_ClientTests.framework; sourceTree = BUILT_PRODUCTS_DIR; };
		0C9F8F28F44FF2B2582AAFA0 /* Pods-OpenMRS-iOS-Client.debug.xcconfig */ = {isa = PBXFileReference; includeInIndex = 1; lastKnownFileType = text.xcconfig; name = "Pods-OpenMRS-iOS-Client.debug.xcconfig"; path = "Target Support Files/Pods-OpenMRS-iOS-Client/Pods-OpenMRS-iOS-Client.debug.xcconfig"; sourceTree = "<group>"; };
		1972CE45D51DA2EDAD7CB464 /* Pods_OpenMRS_iOS_ClientUITests.framework */ = {isa = PBXFileReference; explicitFileType = wrapper.framework; includeInIndex = 0; path = Pods_OpenMRS_iOS_ClientUITests.framework; sourceTree = BUILT_PRODUCTS_DIR; };
		286BA6A5228EBA1D00C80564 /* OpenMRSAPI.swift */ = {isa = PBXFileReference; lastKnownFileType = sourcecode.swift; path = OpenMRSAPI.swift; sourceTree = "<group>"; };
		286BA6A7228EBC7500C80564 /* ApiEnviroment.swift */ = {isa = PBXFileReference; lastKnownFileType = sourcecode.swift; path = ApiEnviroment.swift; sourceTree = "<group>"; };
		286BA6A9228EBCAB00C80564 /* Networkable.swift */ = {isa = PBXFileReference; lastKnownFileType = sourcecode.swift; path = Networkable.swift; sourceTree = "<group>"; };
		286BA6AB228EBCD600C80564 /* NetworkWrapper.swift */ = {isa = PBXFileReference; lastKnownFileType = sourcecode.swift; path = NetworkWrapper.swift; sourceTree = "<group>"; };
		286BA6AD228EBD4800C80564 /* SharedInstances.swift */ = {isa = PBXFileReference; lastKnownFileType = sourcecode.swift; path = SharedInstances.swift; sourceTree = "<group>"; };
		286BA6AF228EBE1800C80564 /* AuthServiceProtocol.swift */ = {isa = PBXFileReference; lastKnownFileType = sourcecode.swift; path = AuthServiceProtocol.swift; sourceTree = "<group>"; };
		286BA6B2228EBE2800C80564 /* AuthServiceImpl.swift */ = {isa = PBXFileReference; lastKnownFileType = sourcecode.swift; path = AuthServiceImpl.swift; sourceTree = "<group>"; };
		289F2014228E7DFE00F9E95C /* KeychainStorageWrapperProtocol.swift */ = {isa = PBXFileReference; lastKnownFileType = sourcecode.swift; path = KeychainStorageWrapperProtocol.swift; sourceTree = "<group>"; };
		289F2016228E7E0B00F9E95C /* KeychainStorageWrapper.swift */ = {isa = PBXFileReference; lastKnownFileType = sourcecode.swift; path = KeychainStorageWrapper.swift; sourceTree = "<group>"; };
		289F2018228E7E3100F9E95C /* KeyChainErrors.swift */ = {isa = PBXFileReference; lastKnownFileType = sourcecode.swift; path = KeyChainErrors.swift; sourceTree = "<group>"; };
		289F201B228E7E8D00F9E95C /* AppConfig.swift */ = {isa = PBXFileReference; lastKnownFileType = sourcecode.swift; path = AppConfig.swift; sourceTree = "<group>"; };
		28C0D2F9228E7B5D0086ACF1 /* OpenMRS-iOS-Client.app */ = {isa = PBXFileReference; explicitFileType = wrapper.application; includeInIndex = 0; path = "OpenMRS-iOS-Client.app"; sourceTree = BUILT_PRODUCTS_DIR; };
		28C0D2FC228E7B5D0086ACF1 /* AppDelegate.swift */ = {isa = PBXFileReference; lastKnownFileType = sourcecode.swift; path = AppDelegate.swift; sourceTree = "<group>"; };
		28C0D2FE228E7B5D0086ACF1 /* ViewController.swift */ = {isa = PBXFileReference; lastKnownFileType = sourcecode.swift; path = ViewController.swift; sourceTree = "<group>"; };
		28C0D301228E7B5D0086ACF1 /* Base */ = {isa = PBXFileReference; lastKnownFileType = file.storyboard; name = Base; path = Base.lproj/Main.storyboard; sourceTree = "<group>"; };
		28C0D303228E7B5D0086ACF1 /* Assets.xcassets */ = {isa = PBXFileReference; lastKnownFileType = folder.assetcatalog; path = Assets.xcassets; sourceTree = "<group>"; };
		28C0D306228E7B5D0086ACF1 /* Base */ = {isa = PBXFileReference; lastKnownFileType = file.storyboard; name = Base; path = Base.lproj/LaunchScreen.storyboard; sourceTree = "<group>"; };
		28C0D308228E7B5D0086ACF1 /* Info.plist */ = {isa = PBXFileReference; lastKnownFileType = text.plist.xml; path = Info.plist; sourceTree = "<group>"; };
		28C0D30D228E7B5E0086ACF1 /* OpenMRS-iOS-ClientTests.xctest */ = {isa = PBXFileReference; explicitFileType = wrapper.cfbundle; includeInIndex = 0; path = "OpenMRS-iOS-ClientTests.xctest"; sourceTree = BUILT_PRODUCTS_DIR; };
		28C0D311228E7B5E0086ACF1 /* OpenMRS_iOS_ClientTests.swift */ = {isa = PBXFileReference; lastKnownFileType = sourcecode.swift; path = OpenMRS_iOS_ClientTests.swift; sourceTree = "<group>"; };
		28C0D313228E7B5E0086ACF1 /* Info.plist */ = {isa = PBXFileReference; lastKnownFileType = text.plist.xml; path = Info.plist; sourceTree = "<group>"; };
		28C0D318228E7B5E0086ACF1 /* OpenMRS-iOS-ClientUITests.xctest */ = {isa = PBXFileReference; explicitFileType = wrapper.cfbundle; includeInIndex = 0; path = "OpenMRS-iOS-ClientUITests.xctest"; sourceTree = BUILT_PRODUCTS_DIR; };
		28C0D31C228E7B5E0086ACF1 /* OpenMRS_iOS_ClientUITests.swift */ = {isa = PBXFileReference; lastKnownFileType = sourcecode.swift; path = OpenMRS_iOS_ClientUITests.swift; sourceTree = "<group>"; };
		28C0D31E228E7B5E0086ACF1 /* Info.plist */ = {isa = PBXFileReference; lastKnownFileType = text.plist.xml; path = Info.plist; sourceTree = "<group>"; };
		5D89C0AA5D159FED88075B70 /* Pods_OpenMRS_iOS_Client.framework */ = {isa = PBXFileReference; explicitFileType = wrapper.framework; includeInIndex = 0; path = Pods_OpenMRS_iOS_Client.framework; sourceTree = BUILT_PRODUCTS_DIR; };
		6529DF8EFE0139EFE7B6B1A9 /* Pods-OpenMRS-iOS-ClientUITests.release.xcconfig */ = {isa = PBXFileReference; includeInIndex = 1; lastKnownFileType = text.xcconfig; name = "Pods-OpenMRS-iOS-ClientUITests.release.xcconfig"; path = "Target Support Files/Pods-OpenMRS-iOS-ClientUITests/Pods-OpenMRS-iOS-ClientUITests.release.xcconfig"; sourceTree = "<group>"; };
		6B594999D211B09724B2858F /* Pods-OpenMRS-iOS-ClientTests.release.xcconfig */ = {isa = PBXFileReference; includeInIndex = 1; lastKnownFileType = text.xcconfig; name = "Pods-OpenMRS-iOS-ClientTests.release.xcconfig"; path = "Target Support Files/Pods-OpenMRS-iOS-ClientTests/Pods-OpenMRS-iOS-ClientTests.release.xcconfig"; sourceTree = "<group>"; };
		6FB3EFA8F8BB836D7D59E38F /* Pods-OpenMRS-iOS-Client.release.xcconfig */ = {isa = PBXFileReference; includeInIndex = 1; lastKnownFileType = text.xcconfig; name = "Pods-OpenMRS-iOS-Client.release.xcconfig"; path = "Target Support Files/Pods-OpenMRS-iOS-Client/Pods-OpenMRS-iOS-Client.release.xcconfig"; sourceTree = "<group>"; };
		874B2B19099C7476A9B9CB55 /* Pods-OpenMRS-iOS-ClientTests.debug.xcconfig */ = {isa = PBXFileReference; includeInIndex = 1; lastKnownFileType = text.xcconfig; name = "Pods-OpenMRS-iOS-ClientTests.debug.xcconfig"; path = "Target Support Files/Pods-OpenMRS-iOS-ClientTests/Pods-OpenMRS-iOS-ClientTests.debug.xcconfig"; sourceTree = "<group>"; };
		94D13E12C287BCDD85FDF3F1 /* Pods-OpenMRS-iOS-ClientUITests.debug.xcconfig */ = {isa = PBXFileReference; includeInIndex = 1; lastKnownFileType = text.xcconfig; name = "Pods-OpenMRS-iOS-ClientUITests.debug.xcconfig"; path = "Target Support Files/Pods-OpenMRS-iOS-ClientUITests/Pods-OpenMRS-iOS-ClientUITests.debug.xcconfig"; sourceTree = "<group>"; };
/* End PBXFileReference section */

/* Begin PBXFrameworksBuildPhase section */
		28C0D2F6228E7B5D0086ACF1 /* Frameworks */ = {
			isa = PBXFrameworksBuildPhase;
			buildActionMask = 2147483647;
			files = (
				FC37B2A44E9CDB48FC07684D /* Pods_OpenMRS_iOS_Client.framework in Frameworks */,
			);
			runOnlyForDeploymentPostprocessing = 0;
		};
		28C0D30A228E7B5E0086ACF1 /* Frameworks */ = {
			isa = PBXFrameworksBuildPhase;
			buildActionMask = 2147483647;
			files = (
				A2E712B902E836F693580E0A /* Pods_OpenMRS_iOS_ClientTests.framework in Frameworks */,
			);
			runOnlyForDeploymentPostprocessing = 0;
		};
		28C0D315228E7B5E0086ACF1 /* Frameworks */ = {
			isa = PBXFrameworksBuildPhase;
			buildActionMask = 2147483647;
			files = (
				D1C0F8B26D1841C0627EC9D8 /* Pods_OpenMRS_iOS_ClientUITests.framework in Frameworks */,
			);
			runOnlyForDeploymentPostprocessing = 0;
		};
/* End PBXFrameworksBuildPhase section */

/* Begin PBXGroup section */
		286BA6A4228EBA0300C80564 /* API */ = {
			isa = PBXGroup;
			children = (
				286BA6A5228EBA1D00C80564 /* OpenMRSAPI.swift */,
				286BA6A7228EBC7500C80564 /* ApiEnviroment.swift */,
			);
			path = API;
			sourceTree = "<group>";
		};
		286BA6B1228EBE1C00C80564 /* Impl */ = {
			isa = PBXGroup;
			children = (
				286BA6B2228EBE2800C80564 /* AuthServiceImpl.swift */,
			);
			path = Impl;
			sourceTree = "<group>";
		};
		289F200F228E7DBD00F9E95C /* Models */ = {
			isa = PBXGroup;
			children = (
				289F2010228E7DC400F9E95C /* ErrorModels */,
			);
			path = Models;
			sourceTree = "<group>";
		};
		289F2010228E7DC400F9E95C /* ErrorModels */ = {
			isa = PBXGroup;
			children = (
				289F2018228E7E3100F9E95C /* KeyChainErrors.swift */,
			);
			path = ErrorModels;
			sourceTree = "<group>";
		};
		289F2011228E7DCA00F9E95C /* Services */ = {
			isa = PBXGroup;
			children = (
				286BA6B1228EBE1C00C80564 /* Impl */,
				286BA6A4228EBA0300C80564 /* API */,
				289F2012228E7DD000F9E95C /* Wrapper */,
				286BA6AF228EBE1800C80564 /* AuthServiceProtocol.swift */,
			);
			path = Services;
			sourceTree = "<group>";
		};
		289F2012228E7DD000F9E95C /* Wrapper */ = {
			isa = PBXGroup;
			children = (
				289F2013228E7DEB00F9E95C /* Impl */,
				289F2014228E7DFE00F9E95C /* KeychainStorageWrapperProtocol.swift */,
				286BA6A9228EBCAB00C80564 /* Networkable.swift */,
			);
			path = Wrapper;
			sourceTree = "<group>";
		};
		289F2013228E7DEB00F9E95C /* Impl */ = {
			isa = PBXGroup;
			children = (
				289F2016228E7E0B00F9E95C /* KeychainStorageWrapper.swift */,
				286BA6AB228EBCD600C80564 /* NetworkWrapper.swift */,
			);
			path = Impl;
			sourceTree = "<group>";
		};
		289F201A228E7E7C00F9E95C /* Configs */ = {
			isa = PBXGroup;
			children = (
				289F201B228E7E8D00F9E95C /* AppConfig.swift */,
				286BA6AD228EBD4800C80564 /* SharedInstances.swift */,
			);
			path = Configs;
			sourceTree = "<group>";
		};
		28C0D2F0228E7B5D0086ACF1 = {
			isa = PBXGroup;
			children = (
				28C0D2FB228E7B5D0086ACF1 /* OpenMRS-iOS-Client */,
				28C0D310228E7B5E0086ACF1 /* OpenMRS-iOS-ClientTests */,
				28C0D31B228E7B5E0086ACF1 /* OpenMRS-iOS-ClientUITests */,
				28C0D2FA228E7B5D0086ACF1 /* Products */,
				D5E0072530981E8808832131 /* Pods */,
				36A7B7FD04CAC9DD639C4337 /* Frameworks */,
			);
			sourceTree = "<group>";
		};
		28C0D2FA228E7B5D0086ACF1 /* Products */ = {
			isa = PBXGroup;
			children = (
				28C0D2F9228E7B5D0086ACF1 /* OpenMRS-iOS-Client.app */,
				28C0D30D228E7B5E0086ACF1 /* OpenMRS-iOS-ClientTests.xctest */,
				28C0D318228E7B5E0086ACF1 /* OpenMRS-iOS-ClientUITests.xctest */,
			);
			name = Products;
			sourceTree = "<group>";
		};
		28C0D2FB228E7B5D0086ACF1 /* OpenMRS-iOS-Client */ = {
			isa = PBXGroup;
			children = (
				289F201A228E7E7C00F9E95C /* Configs */,
				289F2011228E7DCA00F9E95C /* Services */,
				289F200F228E7DBD00F9E95C /* Models */,
				28C0D2FC228E7B5D0086ACF1 /* AppDelegate.swift */,
				28C0D2FE228E7B5D0086ACF1 /* ViewController.swift */,
				28C0D300228E7B5D0086ACF1 /* Main.storyboard */,
				28C0D303228E7B5D0086ACF1 /* Assets.xcassets */,
				28C0D305228E7B5D0086ACF1 /* LaunchScreen.storyboard */,
				28C0D308228E7B5D0086ACF1 /* Info.plist */,
			);
			path = "OpenMRS-iOS-Client";
			sourceTree = "<group>";
		};
		28C0D310228E7B5E0086ACF1 /* OpenMRS-iOS-ClientTests */ = {
			isa = PBXGroup;
			children = (
				28C0D311228E7B5E0086ACF1 /* OpenMRS_iOS_ClientTests.swift */,
				28C0D313228E7B5E0086ACF1 /* Info.plist */,
			);
			path = "OpenMRS-iOS-ClientTests";
			sourceTree = "<group>";
		};
		28C0D31B228E7B5E0086ACF1 /* OpenMRS-iOS-ClientUITests */ = {
			isa = PBXGroup;
			children = (
				28C0D31C228E7B5E0086ACF1 /* OpenMRS_iOS_ClientUITests.swift */,
				28C0D31E228E7B5E0086ACF1 /* Info.plist */,
			);
			path = "OpenMRS-iOS-ClientUITests";
			sourceTree = "<group>";
		};
		36A7B7FD04CAC9DD639C4337 /* Frameworks */ = {
			isa = PBXGroup;
			children = (
				5D89C0AA5D159FED88075B70 /* Pods_OpenMRS_iOS_Client.framework */,
				017F98DA12BBCDDA40E9CCB0 /* Pods_OpenMRS_iOS_ClientTests.framework */,
				1972CE45D51DA2EDAD7CB464 /* Pods_OpenMRS_iOS_ClientUITests.framework */,
			);
			name = Frameworks;
			sourceTree = "<group>";
		};
		D5E0072530981E8808832131 /* Pods */ = {
			isa = PBXGroup;
			children = (
				0C9F8F28F44FF2B2582AAFA0 /* Pods-OpenMRS-iOS-Client.debug.xcconfig */,
				6FB3EFA8F8BB836D7D59E38F /* Pods-OpenMRS-iOS-Client.release.xcconfig */,
				874B2B19099C7476A9B9CB55 /* Pods-OpenMRS-iOS-ClientTests.debug.xcconfig */,
				6B594999D211B09724B2858F /* Pods-OpenMRS-iOS-ClientTests.release.xcconfig */,
				94D13E12C287BCDD85FDF3F1 /* Pods-OpenMRS-iOS-ClientUITests.debug.xcconfig */,
				6529DF8EFE0139EFE7B6B1A9 /* Pods-OpenMRS-iOS-ClientUITests.release.xcconfig */,
			);
			path = Pods;
			sourceTree = "<group>";
		};
/* End PBXGroup section */

/* Begin PBXNativeTarget section */
		28C0D2F8228E7B5D0086ACF1 /* OpenMRS-iOS-Client */ = {
			isa = PBXNativeTarget;
			buildConfigurationList = 28C0D321228E7B5E0086ACF1 /* Build configuration list for PBXNativeTarget "OpenMRS-iOS-Client" */;
			buildPhases = (
				257628BE8ED459FD3751B51E /* [CP] Check Pods Manifest.lock */,
				28C0D2F5228E7B5D0086ACF1 /* Sources */,
				28C0D2F6228E7B5D0086ACF1 /* Frameworks */,
				28C0D2F7228E7B5D0086ACF1 /* Resources */,
				DF731E964DFD84E7422F060B /* [CP] Embed Pods Frameworks */,
			);
			buildRules = (
			);
			dependencies = (
			);
			name = "OpenMRS-iOS-Client";
			productName = "OpenMRS-iOS-Client";
			productReference = 28C0D2F9228E7B5D0086ACF1 /* OpenMRS-iOS-Client.app */;
			productType = "com.apple.product-type.application";
		};
		28C0D30C228E7B5E0086ACF1 /* OpenMRS-iOS-ClientTests */ = {
			isa = PBXNativeTarget;
			buildConfigurationList = 28C0D324228E7B5E0086ACF1 /* Build configuration list for PBXNativeTarget "OpenMRS-iOS-ClientTests" */;
			buildPhases = (
				992D809A7B613CD862EDB9E1 /* [CP] Check Pods Manifest.lock */,
				28C0D309228E7B5E0086ACF1 /* Sources */,
				28C0D30A228E7B5E0086ACF1 /* Frameworks */,
				28C0D30B228E7B5E0086ACF1 /* Resources */,
			);
			buildRules = (
			);
			dependencies = (
				28C0D30F228E7B5E0086ACF1 /* PBXTargetDependency */,
			);
			name = "OpenMRS-iOS-ClientTests";
			productName = "OpenMRS-iOS-ClientTests";
			productReference = 28C0D30D228E7B5E0086ACF1 /* OpenMRS-iOS-ClientTests.xctest */;
			productType = "com.apple.product-type.bundle.unit-test";
		};
		28C0D317228E7B5E0086ACF1 /* OpenMRS-iOS-ClientUITests */ = {
			isa = PBXNativeTarget;
			buildConfigurationList = 28C0D327228E7B5E0086ACF1 /* Build configuration list for PBXNativeTarget "OpenMRS-iOS-ClientUITests" */;
			buildPhases = (
				F434379A19EC9585A2D8202A /* [CP] Check Pods Manifest.lock */,
				28C0D314228E7B5E0086ACF1 /* Sources */,
				28C0D315228E7B5E0086ACF1 /* Frameworks */,
				28C0D316228E7B5E0086ACF1 /* Resources */,
			);
			buildRules = (
			);
			dependencies = (
				28C0D31A228E7B5E0086ACF1 /* PBXTargetDependency */,
			);
			name = "OpenMRS-iOS-ClientUITests";
			productName = "OpenMRS-iOS-ClientUITests";
			productReference = 28C0D318228E7B5E0086ACF1 /* OpenMRS-iOS-ClientUITests.xctest */;
			productType = "com.apple.product-type.bundle.ui-testing";
		};
/* End PBXNativeTarget section */

/* Begin PBXProject section */
		28C0D2F1228E7B5D0086ACF1 /* Project object */ = {
			isa = PBXProject;
			attributes = {
				LastSwiftUpdateCheck = 1020;
				LastUpgradeCheck = 1020;
				ORGANIZATIONNAME = OpenMRS;
				TargetAttributes = {
					28C0D2F8228E7B5D0086ACF1 = {
						CreatedOnToolsVersion = 10.2.1;
					};
					28C0D30C228E7B5E0086ACF1 = {
						CreatedOnToolsVersion = 10.2.1;
						TestTargetID = 28C0D2F8228E7B5D0086ACF1;
					};
					28C0D317228E7B5E0086ACF1 = {
						CreatedOnToolsVersion = 10.2.1;
						TestTargetID = 28C0D2F8228E7B5D0086ACF1;
					};
				};
			};
			buildConfigurationList = 28C0D2F4228E7B5D0086ACF1 /* Build configuration list for PBXProject "OpenMRS-iOS-Client" */;
			compatibilityVersion = "Xcode 9.3";
			developmentRegion = en;
			hasScannedForEncodings = 0;
			knownRegions = (
				en,
				Base,
			);
			mainGroup = 28C0D2F0228E7B5D0086ACF1;
			productRefGroup = 28C0D2FA228E7B5D0086ACF1 /* Products */;
			projectDirPath = "";
			projectRoot = "";
			targets = (
				28C0D2F8228E7B5D0086ACF1 /* OpenMRS-iOS-Client */,
				28C0D30C228E7B5E0086ACF1 /* OpenMRS-iOS-ClientTests */,
				28C0D317228E7B5E0086ACF1 /* OpenMRS-iOS-ClientUITests */,
			);
		};
/* End PBXProject section */

/* Begin PBXResourcesBuildPhase section */
		28C0D2F7228E7B5D0086ACF1 /* Resources */ = {
			isa = PBXResourcesBuildPhase;
			buildActionMask = 2147483647;
			files = (
				28C0D307228E7B5D0086ACF1 /* LaunchScreen.storyboard in Resources */,
				28C0D304228E7B5D0086ACF1 /* Assets.xcassets in Resources */,
				28C0D302228E7B5D0086ACF1 /* Main.storyboard in Resources */,
			);
			runOnlyForDeploymentPostprocessing = 0;
		};
		28C0D30B228E7B5E0086ACF1 /* Resources */ = {
			isa = PBXResourcesBuildPhase;
			buildActionMask = 2147483647;
			files = (
			);
			runOnlyForDeploymentPostprocessing = 0;
		};
		28C0D316228E7B5E0086ACF1 /* Resources */ = {
			isa = PBXResourcesBuildPhase;
			buildActionMask = 2147483647;
			files = (
			);
			runOnlyForDeploymentPostprocessing = 0;
		};
/* End PBXResourcesBuildPhase section */

/* Begin PBXShellScriptBuildPhase section */
		257628BE8ED459FD3751B51E /* [CP] Check Pods Manifest.lock */ = {
			isa = PBXShellScriptBuildPhase;
			buildActionMask = 2147483647;
			files = (
			);
			inputFileListPaths = (
			);
			inputPaths = (
				"${PODS_PODFILE_DIR_PATH}/Podfile.lock",
				"${PODS_ROOT}/Manifest.lock",
			);
			name = "[CP] Check Pods Manifest.lock";
			outputFileListPaths = (
			);
			outputPaths = (
				"$(DERIVED_FILE_DIR)/Pods-OpenMRS-iOS-Client-checkManifestLockResult.txt",
			);
			runOnlyForDeploymentPostprocessing = 0;
			shellPath = /bin/sh;
			shellScript = "diff \"${PODS_PODFILE_DIR_PATH}/Podfile.lock\" \"${PODS_ROOT}/Manifest.lock\" > /dev/null\nif [ $? != 0 ] ; then\n    # print error to STDERR\n    echo \"error: The sandbox is not in sync with the Podfile.lock. Run 'pod install' or update your CocoaPods installation.\" >&2\n    exit 1\nfi\n# This output is used by Xcode 'outputs' to avoid re-running this script phase.\necho \"SUCCESS\" > \"${SCRIPT_OUTPUT_FILE_0}\"\n";
			showEnvVarsInLog = 0;
		};
		992D809A7B613CD862EDB9E1 /* [CP] Check Pods Manifest.lock */ = {
			isa = PBXShellScriptBuildPhase;
			buildActionMask = 2147483647;
			files = (
			);
			inputFileListPaths = (
			);
			inputPaths = (
				"${PODS_PODFILE_DIR_PATH}/Podfile.lock",
				"${PODS_ROOT}/Manifest.lock",
			);
			name = "[CP] Check Pods Manifest.lock";
			outputFileListPaths = (
			);
			outputPaths = (
				"$(DERIVED_FILE_DIR)/Pods-OpenMRS-iOS-ClientTests-checkManifestLockResult.txt",
			);
			runOnlyForDeploymentPostprocessing = 0;
			shellPath = /bin/sh;
			shellScript = "diff \"${PODS_PODFILE_DIR_PATH}/Podfile.lock\" \"${PODS_ROOT}/Manifest.lock\" > /dev/null\nif [ $? != 0 ] ; then\n    # print error to STDERR\n    echo \"error: The sandbox is not in sync with the Podfile.lock. Run 'pod install' or update your CocoaPods installation.\" >&2\n    exit 1\nfi\n# This output is used by Xcode 'outputs' to avoid re-running this script phase.\necho \"SUCCESS\" > \"${SCRIPT_OUTPUT_FILE_0}\"\n";
			showEnvVarsInLog = 0;
		};
		DF731E964DFD84E7422F060B /* [CP] Embed Pods Frameworks */ = {
			isa = PBXShellScriptBuildPhase;
			buildActionMask = 2147483647;
			files = (
			);
			inputFileListPaths = (
			);
			inputPaths = (
				"${PODS_ROOT}/Target Support Files/Pods-OpenMRS-iOS-Client/Pods-OpenMRS-iOS-Client-frameworks.sh",
				"${BUILT_PRODUCTS_DIR}/Alamofire/Alamofire.framework",
				"${BUILT_PRODUCTS_DIR}/KeychainAccess/KeychainAccess.framework",
				"${BUILT_PRODUCTS_DIR}/Moya/Moya.framework",
				"${BUILT_PRODUCTS_DIR}/Result/Result.framework",
			);
			name = "[CP] Embed Pods Frameworks";
			outputFileListPaths = (
			);
			outputPaths = (
				"${TARGET_BUILD_DIR}/${FRAMEWORKS_FOLDER_PATH}/Alamofire.framework",
				"${TARGET_BUILD_DIR}/${FRAMEWORKS_FOLDER_PATH}/KeychainAccess.framework",
				"${TARGET_BUILD_DIR}/${FRAMEWORKS_FOLDER_PATH}/Moya.framework",
				"${TARGET_BUILD_DIR}/${FRAMEWORKS_FOLDER_PATH}/Result.framework",
			);
			runOnlyForDeploymentPostprocessing = 0;
			shellPath = /bin/sh;
			shellScript = "\"${PODS_ROOT}/Target Support Files/Pods-OpenMRS-iOS-Client/Pods-OpenMRS-iOS-Client-frameworks.sh\"\n";
			showEnvVarsInLog = 0;
		};
		F434379A19EC9585A2D8202A /* [CP] Check Pods Manifest.lock */ = {
			isa = PBXShellScriptBuildPhase;
			buildActionMask = 2147483647;
			files = (
			);
			inputFileListPaths = (
			);
			inputPaths = (
				"${PODS_PODFILE_DIR_PATH}/Podfile.lock",
				"${PODS_ROOT}/Manifest.lock",
			);
			name = "[CP] Check Pods Manifest.lock";
			outputFileListPaths = (
			);
			outputPaths = (
				"$(DERIVED_FILE_DIR)/Pods-OpenMRS-iOS-ClientUITests-checkManifestLockResult.txt",
			);
			runOnlyForDeploymentPostprocessing = 0;
			shellPath = /bin/sh;
			shellScript = "diff \"${PODS_PODFILE_DIR_PATH}/Podfile.lock\" \"${PODS_ROOT}/Manifest.lock\" > /dev/null\nif [ $? != 0 ] ; then\n    # print error to STDERR\n    echo \"error: The sandbox is not in sync with the Podfile.lock. Run 'pod install' or update your CocoaPods installation.\" >&2\n    exit 1\nfi\n# This output is used by Xcode 'outputs' to avoid re-running this script phase.\necho \"SUCCESS\" > \"${SCRIPT_OUTPUT_FILE_0}\"\n";
			showEnvVarsInLog = 0;
		};
/* End PBXShellScriptBuildPhase section */

/* Begin PBXSourcesBuildPhase section */
		28C0D2F5228E7B5D0086ACF1 /* Sources */ = {
			isa = PBXSourcesBuildPhase;
			buildActionMask = 2147483647;
			files = (
				286BA6B3228EBE2800C80564 /* AuthServiceImpl.swift in Sources */,
				286BA6A6228EBA1D00C80564 /* OpenMRSAPI.swift in Sources */,
				286BA6B0228EBE1800C80564 /* AuthServiceProtocol.swift in Sources */,
				286BA6AA228EBCAB00C80564 /* Networkable.swift in Sources */,
				28C0D2FF228E7B5D0086ACF1 /* ViewController.swift in Sources */,
				289F2017228E7E0B00F9E95C /* KeychainStorageWrapper.swift in Sources */,
				28C0D2FD228E7B5D0086ACF1 /* AppDelegate.swift in Sources */,
				289F201C228E7E8D00F9E95C /* AppConfig.swift in Sources */,
				286BA6AE228EBD4800C80564 /* SharedInstances.swift in Sources */,
				289F2019228E7E3100F9E95C /* KeyChainErrors.swift in Sources */,
				289F2015228E7DFE00F9E95C /* KeychainStorageWrapperProtocol.swift in Sources */,
				286BA6AC228EBCD600C80564 /* NetworkWrapper.swift in Sources */,
				286BA6A8228EBC7500C80564 /* ApiEnviroment.swift in Sources */,
			);
			runOnlyForDeploymentPostprocessing = 0;
		};
		28C0D309228E7B5E0086ACF1 /* Sources */ = {
			isa = PBXSourcesBuildPhase;
			buildActionMask = 2147483647;
			files = (
				28C0D312228E7B5E0086ACF1 /* OpenMRS_iOS_ClientTests.swift in Sources */,
			);
			runOnlyForDeploymentPostprocessing = 0;
		};
		28C0D314228E7B5E0086ACF1 /* Sources */ = {
			isa = PBXSourcesBuildPhase;
			buildActionMask = 2147483647;
			files = (
				28C0D31D228E7B5E0086ACF1 /* OpenMRS_iOS_ClientUITests.swift in Sources */,
			);
			runOnlyForDeploymentPostprocessing = 0;
		};
/* End PBXSourcesBuildPhase section */

/* Begin PBXTargetDependency section */
		28C0D30F228E7B5E0086ACF1 /* PBXTargetDependency */ = {
			isa = PBXTargetDependency;
			target = 28C0D2F8228E7B5D0086ACF1 /* OpenMRS-iOS-Client */;
			targetProxy = 28C0D30E228E7B5E0086ACF1 /* PBXContainerItemProxy */;
		};
		28C0D31A228E7B5E0086ACF1 /* PBXTargetDependency */ = {
			isa = PBXTargetDependency;
			target = 28C0D2F8228E7B5D0086ACF1 /* OpenMRS-iOS-Client */;
			targetProxy = 28C0D319228E7B5E0086ACF1 /* PBXContainerItemProxy */;
		};
/* End PBXTargetDependency section */

/* Begin PBXVariantGroup section */
		28C0D300228E7B5D0086ACF1 /* Main.storyboard */ = {
			isa = PBXVariantGroup;
			children = (
				28C0D301228E7B5D0086ACF1 /* Base */,
			);
			name = Main.storyboard;
			sourceTree = "<group>";
		};
		28C0D305228E7B5D0086ACF1 /* LaunchScreen.storyboard */ = {
			isa = PBXVariantGroup;
			children = (
				28C0D306228E7B5D0086ACF1 /* Base */,
			);
			name = LaunchScreen.storyboard;
			sourceTree = "<group>";
		};
/* End PBXVariantGroup section */

/* Begin XCBuildConfiguration section */
		28C0D31F228E7B5E0086ACF1 /* Debug */ = {
			isa = XCBuildConfiguration;
			buildSettings = {
				ALWAYS_SEARCH_USER_PATHS = NO;
				CLANG_ANALYZER_NONNULL = YES;
				CLANG_ANALYZER_NUMBER_OBJECT_CONVERSION = YES_AGGRESSIVE;
				CLANG_CXX_LANGUAGE_STANDARD = "gnu++14";
				CLANG_CXX_LIBRARY = "libc++";
				CLANG_ENABLE_MODULES = YES;
				CLANG_ENABLE_OBJC_ARC = YES;
				CLANG_ENABLE_OBJC_WEAK = YES;
				CLANG_WARN_BLOCK_CAPTURE_AUTORELEASING = YES;
				CLANG_WARN_BOOL_CONVERSION = YES;
				CLANG_WARN_COMMA = YES;
				CLANG_WARN_CONSTANT_CONVERSION = YES;
				CLANG_WARN_DEPRECATED_OBJC_IMPLEMENTATIONS = YES;
				CLANG_WARN_DIRECT_OBJC_ISA_USAGE = YES_ERROR;
				CLANG_WARN_DOCUMENTATION_COMMENTS = YES;
				CLANG_WARN_EMPTY_BODY = YES;
				CLANG_WARN_ENUM_CONVERSION = YES;
				CLANG_WARN_INFINITE_RECURSION = YES;
				CLANG_WARN_INT_CONVERSION = YES;
				CLANG_WARN_NON_LITERAL_NULL_CONVERSION = YES;
				CLANG_WARN_OBJC_IMPLICIT_RETAIN_SELF = YES;
				CLANG_WARN_OBJC_LITERAL_CONVERSION = YES;
				CLANG_WARN_OBJC_ROOT_CLASS = YES_ERROR;
				CLANG_WARN_RANGE_LOOP_ANALYSIS = YES;
				CLANG_WARN_STRICT_PROTOTYPES = YES;
				CLANG_WARN_SUSPICIOUS_MOVE = YES;
				CLANG_WARN_UNGUARDED_AVAILABILITY = YES_AGGRESSIVE;
				CLANG_WARN_UNREACHABLE_CODE = YES;
				CLANG_WARN__DUPLICATE_METHOD_MATCH = YES;
				CODE_SIGN_IDENTITY = "iPhone Developer";
				COPY_PHASE_STRIP = NO;
				DEBUG_INFORMATION_FORMAT = dwarf;
				ENABLE_STRICT_OBJC_MSGSEND = YES;
				ENABLE_TESTABILITY = YES;
				GCC_C_LANGUAGE_STANDARD = gnu11;
				GCC_DYNAMIC_NO_PIC = NO;
				GCC_NO_COMMON_BLOCKS = YES;
				GCC_OPTIMIZATION_LEVEL = 0;
				GCC_PREPROCESSOR_DEFINITIONS = (
					"DEBUG=1",
					"$(inherited)",
				);
				GCC_WARN_64_TO_32_BIT_CONVERSION = YES;
				GCC_WARN_ABOUT_RETURN_TYPE = YES_ERROR;
				GCC_WARN_UNDECLARED_SELECTOR = YES;
				GCC_WARN_UNINITIALIZED_AUTOS = YES_AGGRESSIVE;
				GCC_WARN_UNUSED_FUNCTION = YES;
				GCC_WARN_UNUSED_VARIABLE = YES;
				IPHONEOS_DEPLOYMENT_TARGET = 12.2;
				MTL_ENABLE_DEBUG_INFO = INCLUDE_SOURCE;
				MTL_FAST_MATH = YES;
				ONLY_ACTIVE_ARCH = YES;
				SDKROOT = iphoneos;
				SWIFT_ACTIVE_COMPILATION_CONDITIONS = DEBUG;
				SWIFT_OPTIMIZATION_LEVEL = "-Onone";
			};
			name = Debug;
		};
		28C0D320228E7B5E0086ACF1 /* Release */ = {
			isa = XCBuildConfiguration;
			buildSettings = {
				ALWAYS_SEARCH_USER_PATHS = NO;
				CLANG_ANALYZER_NONNULL = YES;
				CLANG_ANALYZER_NUMBER_OBJECT_CONVERSION = YES_AGGRESSIVE;
				CLANG_CXX_LANGUAGE_STANDARD = "gnu++14";
				CLANG_CXX_LIBRARY = "libc++";
				CLANG_ENABLE_MODULES = YES;
				CLANG_ENABLE_OBJC_ARC = YES;
				CLANG_ENABLE_OBJC_WEAK = YES;
				CLANG_WARN_BLOCK_CAPTURE_AUTORELEASING = YES;
				CLANG_WARN_BOOL_CONVERSION = YES;
				CLANG_WARN_COMMA = YES;
				CLANG_WARN_CONSTANT_CONVERSION = YES;
				CLANG_WARN_DEPRECATED_OBJC_IMPLEMENTATIONS = YES;
				CLANG_WARN_DIRECT_OBJC_ISA_USAGE = YES_ERROR;
				CLANG_WARN_DOCUMENTATION_COMMENTS = YES;
				CLANG_WARN_EMPTY_BODY = YES;
				CLANG_WARN_ENUM_CONVERSION = YES;
				CLANG_WARN_INFINITE_RECURSION = YES;
				CLANG_WARN_INT_CONVERSION = YES;
				CLANG_WARN_NON_LITERAL_NULL_CONVERSION = YES;
				CLANG_WARN_OBJC_IMPLICIT_RETAIN_SELF = YES;
				CLANG_WARN_OBJC_LITERAL_CONVERSION = YES;
				CLANG_WARN_OBJC_ROOT_CLASS = YES_ERROR;
				CLANG_WARN_RANGE_LOOP_ANALYSIS = YES;
				CLANG_WARN_STRICT_PROTOTYPES = YES;
				CLANG_WARN_SUSPICIOUS_MOVE = YES;
				CLANG_WARN_UNGUARDED_AVAILABILITY = YES_AGGRESSIVE;
				CLANG_WARN_UNREACHABLE_CODE = YES;
				CLANG_WARN__DUPLICATE_METHOD_MATCH = YES;
				CODE_SIGN_IDENTITY = "iPhone Developer";
				COPY_PHASE_STRIP = NO;
				DEBUG_INFORMATION_FORMAT = "dwarf-with-dsym";
				ENABLE_NS_ASSERTIONS = NO;
				ENABLE_STRICT_OBJC_MSGSEND = YES;
				GCC_C_LANGUAGE_STANDARD = gnu11;
				GCC_NO_COMMON_BLOCKS = YES;
				GCC_WARN_64_TO_32_BIT_CONVERSION = YES;
				GCC_WARN_ABOUT_RETURN_TYPE = YES_ERROR;
				GCC_WARN_UNDECLARED_SELECTOR = YES;
				GCC_WARN_UNINITIALIZED_AUTOS = YES_AGGRESSIVE;
				GCC_WARN_UNUSED_FUNCTION = YES;
				GCC_WARN_UNUSED_VARIABLE = YES;
				IPHONEOS_DEPLOYMENT_TARGET = 12.2;
				MTL_ENABLE_DEBUG_INFO = NO;
				MTL_FAST_MATH = YES;
				SDKROOT = iphoneos;
				SWIFT_COMPILATION_MODE = wholemodule;
				SWIFT_OPTIMIZATION_LEVEL = "-O";
				VALIDATE_PRODUCT = YES;
			};
			name = Release;
		};
		28C0D322228E7B5E0086ACF1 /* Debug */ = {
			isa = XCBuildConfiguration;
			baseConfigurationReference = 0C9F8F28F44FF2B2582AAFA0 /* Pods-OpenMRS-iOS-Client.debug.xcconfig */;
			buildSettings = {
				ASSETCATALOG_COMPILER_APPICON_NAME = AppIcon;
				CODE_SIGN_STYLE = Automatic;
				INFOPLIST_FILE = "OpenMRS-iOS-Client/Info.plist";
				LD_RUNPATH_SEARCH_PATHS = (
					"$(inherited)",
					"@executable_path/Frameworks",
				);
				PRODUCT_BUNDLE_IDENTIFIER = "com.openmrs.OpenMRS-iOS-Client";
				PRODUCT_NAME = "$(TARGET_NAME)";
				SWIFT_VERSION = 5.0;
				TARGETED_DEVICE_FAMILY = "1,2";
			};
			name = Debug;
		};
		28C0D323228E7B5E0086ACF1 /* Release */ = {
			isa = XCBuildConfiguration;
			baseConfigurationReference = 6FB3EFA8F8BB836D7D59E38F /* Pods-OpenMRS-iOS-Client.release.xcconfig */;
			buildSettings = {
				ASSETCATALOG_COMPILER_APPICON_NAME = AppIcon;
				CODE_SIGN_STYLE = Automatic;
				INFOPLIST_FILE = "OpenMRS-iOS-Client/Info.plist";
				LD_RUNPATH_SEARCH_PATHS = (
					"$(inherited)",
					"@executable_path/Frameworks",
				);
				PRODUCT_BUNDLE_IDENTIFIER = "com.openmrs.OpenMRS-iOS-Client";
				PRODUCT_NAME = "$(TARGET_NAME)";
				SWIFT_VERSION = 5.0;
				TARGETED_DEVICE_FAMILY = "1,2";
			};
			name = Release;
		};
		28C0D325228E7B5E0086ACF1 /* Debug */ = {
			isa = XCBuildConfiguration;
			baseConfigurationReference = 874B2B19099C7476A9B9CB55 /* Pods-OpenMRS-iOS-ClientTests.debug.xcconfig */;
			buildSettings = {
				ALWAYS_EMBED_SWIFT_STANDARD_LIBRARIES = YES;
				BUNDLE_LOADER = "$(TEST_HOST)";
				CODE_SIGN_STYLE = Automatic;
				INFOPLIST_FILE = "OpenMRS-iOS-ClientTests/Info.plist";
				LD_RUNPATH_SEARCH_PATHS = (
					"$(inherited)",
					"@executable_path/Frameworks",
					"@loader_path/Frameworks",
				);
				PRODUCT_BUNDLE_IDENTIFIER = "com.openmrs.OpenMRS-iOS-ClientTests";
				PRODUCT_NAME = "$(TARGET_NAME)";
				SWIFT_VERSION = 5.0;
				TARGETED_DEVICE_FAMILY = "1,2";
				TEST_HOST = "$(BUILT_PRODUCTS_DIR)/OpenMRS-iOS-Client.app/OpenMRS-iOS-Client";
			};
			name = Debug;
		};
		28C0D326228E7B5E0086ACF1 /* Release */ = {
			isa = XCBuildConfiguration;
			baseConfigurationReference = 6B594999D211B09724B2858F /* Pods-OpenMRS-iOS-ClientTests.release.xcconfig */;
			buildSettings = {
				ALWAYS_EMBED_SWIFT_STANDARD_LIBRARIES = YES;
				BUNDLE_LOADER = "$(TEST_HOST)";
				CODE_SIGN_STYLE = Automatic;
				INFOPLIST_FILE = "OpenMRS-iOS-ClientTests/Info.plist";
				LD_RUNPATH_SEARCH_PATHS = (
					"$(inherited)",
					"@executable_path/Frameworks",
					"@loader_path/Frameworks",
				);
				PRODUCT_BUNDLE_IDENTIFIER = "com.openmrs.OpenMRS-iOS-ClientTests";
				PRODUCT_NAME = "$(TARGET_NAME)";
				SWIFT_VERSION = 5.0;
				TARGETED_DEVICE_FAMILY = "1,2";
				TEST_HOST = "$(BUILT_PRODUCTS_DIR)/OpenMRS-iOS-Client.app/OpenMRS-iOS-Client";
			};
			name = Release;
		};
		28C0D328228E7B5E0086ACF1 /* Debug */ = {
			isa = XCBuildConfiguration;
			baseConfigurationReference = 94D13E12C287BCDD85FDF3F1 /* Pods-OpenMRS-iOS-ClientUITests.debug.xcconfig */;
			buildSettings = {
				ALWAYS_EMBED_SWIFT_STANDARD_LIBRARIES = YES;
				CODE_SIGN_STYLE = Automatic;
				INFOPLIST_FILE = "OpenMRS-iOS-ClientUITests/Info.plist";
				LD_RUNPATH_SEARCH_PATHS = (
					"$(inherited)",
					"@executable_path/Frameworks",
					"@loader_path/Frameworks",
				);
				PRODUCT_BUNDLE_IDENTIFIER = "com.openmrs.OpenMRS-iOS-ClientUITests";
				PRODUCT_NAME = "$(TARGET_NAME)";
				SWIFT_VERSION = 5.0;
				TARGETED_DEVICE_FAMILY = "1,2";
				TEST_TARGET_NAME = "OpenMRS-iOS-Client";
			};
			name = Debug;
		};
		28C0D329228E7B5E0086ACF1 /* Release */ = {
			isa = XCBuildConfiguration;
			baseConfigurationReference = 6529DF8EFE0139EFE7B6B1A9 /* Pods-OpenMRS-iOS-ClientUITests.release.xcconfig */;
			buildSettings = {
				ALWAYS_EMBED_SWIFT_STANDARD_LIBRARIES = YES;
				CODE_SIGN_STYLE = Automatic;
				INFOPLIST_FILE = "OpenMRS-iOS-ClientUITests/Info.plist";
				LD_RUNPATH_SEARCH_PATHS = (
					"$(inherited)",
					"@executable_path/Frameworks",
					"@loader_path/Frameworks",
				);
				PRODUCT_BUNDLE_IDENTIFIER = "com.openmrs.OpenMRS-iOS-ClientUITests";
				PRODUCT_NAME = "$(TARGET_NAME)";
				SWIFT_VERSION = 5.0;
				TARGETED_DEVICE_FAMILY = "1,2";
				TEST_TARGET_NAME = "OpenMRS-iOS-Client";
			};
			name = Release;
		};
/* End XCBuildConfiguration section */

/* Begin XCConfigurationList section */
		28C0D2F4228E7B5D0086ACF1 /* Build configuration list for PBXProject "OpenMRS-iOS-Client" */ = {
			isa = XCConfigurationList;
			buildConfigurations = (
				28C0D31F228E7B5E0086ACF1 /* Debug */,
				28C0D320228E7B5E0086ACF1 /* Release */,
			);
			defaultConfigurationIsVisible = 0;
			defaultConfigurationName = Release;
		};
		28C0D321228E7B5E0086ACF1 /* Build configuration list for PBXNativeTarget "OpenMRS-iOS-Client" */ = {
			isa = XCConfigurationList;
			buildConfigurations = (
				28C0D322228E7B5E0086ACF1 /* Debug */,
				28C0D323228E7B5E0086ACF1 /* Release */,
			);
			defaultConfigurationIsVisible = 0;
			defaultConfigurationName = Release;
		};
		28C0D324228E7B5E0086ACF1 /* Build configuration list for PBXNativeTarget "OpenMRS-iOS-ClientTests" */ = {
			isa = XCConfigurationList;
			buildConfigurations = (
				28C0D325228E7B5E0086ACF1 /* Debug */,
				28C0D326228E7B5E0086ACF1 /* Release */,
			);
			defaultConfigurationIsVisible = 0;
			defaultConfigurationName = Release;
		};
		28C0D327228E7B5E0086ACF1 /* Build configuration list for PBXNativeTarget "OpenMRS-iOS-ClientUITests" */ = {
			isa = XCConfigurationList;
			buildConfigurations = (
				28C0D328228E7B5E0086ACF1 /* Debug */,
				28C0D329228E7B5E0086ACF1 /* Release */,
			);
			defaultConfigurationIsVisible = 0;
			defaultConfigurationName = Release;
		};
/* End XCConfigurationList section */
	};
	rootObject = 28C0D2F1228E7B5D0086ACF1 /* Project object */;
}
